<?xml version="1.0" encoding="utf-8"?>
<Project ToolsVersion="4.0" xmlns="http://schemas.microsoft.com/developer/msbuild/2003">
  <ItemGroup>
    <Filter Include="ソース ファイル">
      <UniqueIdentifier>{4FC737F1-C7A5-4376-A066-2A32D752A2FF}</UniqueIdentifier>
      <Extensions>cpp;c;cc;cxx;c++;cppm;ixx;def;odl;idl;hpj;bat;asm;asmx</Extensions>
    </Filter>
    <Filter Include="リソース ファイル">
      <UniqueIdentifier>{67DA6AB6-F800-4c08-8B7A-83BB121AAD01}</UniqueIdentifier>
      <Extensions>rc;ico;cur;bmp;dlg;rc2;rct;bin;rgs;gif;jpg;jpeg;jpe;resx;tiff;tif;png;wav;mfcribbon-ms</Extensions>
    </Filter>
    <Filter Include="ソース ファイル\System">
      <UniqueIdentifier>{4e17ff4f-a004-4e4a-9470-879b9af60429}</UniqueIdentifier>
    </Filter>
    <Filter Include="ソース ファイル\App">
      <UniqueIdentifier>{2c3db676-bf36-4efc-a80a-29f79c26d16f}</UniqueIdentifier>
    </Filter>
    <Filter Include="リソース ファイル\PixelShader">
      <UniqueIdentifier>{a9755fd2-e8f8-4e2e-854e-68fcfb6a9b68}</UniqueIdentifier>
    </Filter>
    <Filter Include="リソース ファイル\VertexShader">
      <UniqueIdentifier>{e4c96e83-672c-4720-aa96-8ee0c9525558}</UniqueIdentifier>
    </Filter>
    <Filter Include="ソース ファイル\System\FBX">
      <UniqueIdentifier>{4df06ddd-9089-4889-a220-c39188e6b41b}</UniqueIdentifier>
    </Filter>
    <Filter Include="ソース ファイル\System\Camera">
      <UniqueIdentifier>{36c7ced8-2c6a-48b3-9e0e-1449cbfa04ee}</UniqueIdentifier>
    </Filter>
    <Filter Include="ソース ファイル\System\Scene">
      <UniqueIdentifier>{3c6509d2-6311-445a-b8a1-4faa1d76f5e4}</UniqueIdentifier>
    </Filter>
    <Filter Include="ソース ファイル\System\Graphics">
      <UniqueIdentifier>{456210d8-a0a4-4f2c-a9bb-ab257dcbfdbf}</UniqueIdentifier>
    </Filter>
    <Filter Include="ソース ファイル\System\Component">
      <UniqueIdentifier>{c22a9ed4-4a63-4254-886a-0818f09691b8}</UniqueIdentifier>
    </Filter>
    <Filter Include="ソース ファイル\System\Model">
      <UniqueIdentifier>{cf7b9131-66f9-45ee-a3af-903e28df432c}</UniqueIdentifier>
    </Filter>
  </ItemGroup>
  <ItemGroup>
    <ClCompile Include="Startup.cpp">
      <Filter>ソース ファイル</Filter>
    </ClCompile>
    <ClCompile Include="System\Input.cpp">
      <Filter>ソース ファイル\System</Filter>
    </ClCompile>
    <ClCompile Include="System\FBX\FBXLoadAnimation.cpp">
      <Filter>ソース ファイル\System\FBX</Filter>
    </ClCompile>
    <ClCompile Include="System\FBX\FBXLoadBone.cpp">
      <Filter>ソース ファイル\System\FBX</Filter>
    </ClCompile>
    <ClCompile Include="System\FBX\FBXLoader.cpp">
      <Filter>ソース ファイル\System\FBX</Filter>
    </ClCompile>
    <ClCompile Include="System\FBX\FBXLoadMaterial.cpp">
      <Filter>ソース ファイル\System\FBX</Filter>
    </ClCompile>
    <ClCompile Include="System\FBX\FBXLoadMesh.cpp">
      <Filter>ソース ファイル\System\FBX</Filter>
    </ClCompile>
    <ClCompile Include="System\Camera\CameraBase.cpp">
      <Filter>ソース ファイル\System\Camera</Filter>
    </ClCompile>
    <ClCompile Include="System\Camera\CameraDebug.cpp">
      <Filter>ソース ファイル\System\Camera</Filter>
    </ClCompile>
    <ClCompile Include="System\Camera\CameraManager.cpp">
      <Filter>ソース ファイル\System\Camera</Filter>
    </ClCompile>
    <ClCompile Include="System\Graphics\DirectX.cpp">
      <Filter>ソース ファイル\System\Graphics</Filter>
    </ClCompile>
    <ClCompile Include="System\Graphics\DXBuffer.cpp">
      <Filter>ソース ファイル\System\Graphics</Filter>
    </ClCompile>
    <ClCompile Include="System\Graphics\Geometory.cpp">
      <Filter>ソース ファイル\System\Graphics</Filter>
    </ClCompile>
    <ClCompile Include="System\Graphics\Shader.cpp">
      <Filter>ソース ファイル\System\Graphics</Filter>
    </ClCompile>
    <ClCompile Include="System\Graphics\Texture.cpp">
      <Filter>ソース ファイル\System\Graphics</Filter>
    </ClCompile>
    <ClCompile Include="System\Graphics\Text.cpp">
      <Filter>ソース ファイル\System\Graphics</Filter>
    </ClCompile>
    <ClCompile Include="System\Graphics\Font.cpp">
      <Filter>ソース ファイル\System\Graphics</Filter>
    </ClCompile>
    <ClCompile Include="System\Scene\SceneBase.cpp">
      <Filter>ソース ファイル\System\Scene</Filter>
    </ClCompile>
    <ClCompile Include="System\Scene\SceneManager.cpp">
      <Filter>ソース ファイル\System\Scene</Filter>
    </ClCompile>
    <ClCompile Include="System\Object.cpp">
      <Filter>ソース ファイル</Filter>
    </ClCompile>
    <ClCompile Include="System\Component\Component.cpp">
      <Filter>ソース ファイル\System\Component</Filter>
    </ClCompile>
    <ClCompile Include="App\FBXModel.cpp">
      <Filter>ソース ファイル\App</Filter>
    </ClCompile>
    <ClCompile Include="App\FBXPlayer.cpp">
      <Filter>ソース ファイル\App</Filter>
    </ClCompile>
    <ClCompile Include="App\Main.cpp">
      <Filter>ソース ファイル\App</Filter>
    </ClCompile>
    <ClCompile Include="App\TangentModel.cpp">
      <Filter>ソース ファイル\App</Filter>
    </ClCompile>
    <ClCompile Include="System\Component\Transform.cpp">
      <Filter>ソース ファイル\System\Component</Filter>
    </ClCompile>
    <ClCompile Include="System\Scene\SampleScene.cpp">
      <Filter>ソース ファイル\System\Scene</Filter>
    </ClCompile>
    <ClCompile Include="App\ShaderScene.cpp">
      <Filter>ソース ファイル\System\Scene</Filter>
    </ClCompile>
    <ClCompile Include="System\Graphics\ShaderList.cpp">
      <Filter>リソース ファイル</Filter>
    </ClCompile>
    <ClCompile Include="System\Model\ModelList.cpp">
      <Filter>ソース ファイル\System\Model</Filter>
    </ClCompile>
    <ClCompile Include="System\Component\Model.cpp">
      <Filter>ソース ファイル\System\Component</Filter>
    </ClCompile>
    <ClCompile Include="System\Component\Material.cpp">
      <Filter>ソース ファイル\System\Component</Filter>
    </ClCompile>
  </ItemGroup>
  <ItemGroup>
    <ClInclude Include="App\FBXModel.h">
      <Filter>ソース ファイル\App</Filter>
    </ClInclude>
    <ClInclude Include="App\FBXPlayer.h">
      <Filter>ソース ファイル\App</Filter>
    </ClInclude>
    <ClInclude Include="App\Main.h">
      <Filter>ソース ファイル\App</Filter>
    </ClInclude>
    <ClInclude Include="App\TangentModel.h">
      <Filter>ソース ファイル\App</Filter>
    </ClInclude>
    <ClInclude Include="System\Camera\CameraBase.h">
      <Filter>ソース ファイル\System\Camera</Filter>
    </ClInclude>
    <ClInclude Include="System\Camera\CameraDebug.h">
      <Filter>ソース ファイル\System\Camera</Filter>
    </ClInclude>
    <ClInclude Include="System\Camera\CameraManager.hpp">
      <Filter>ソース ファイル\System\Camera</Filter>
    </ClInclude>
    <ClInclude Include="System\Component\Component.h">
      <Filter>ソース ファイル\System\Component</Filter>
    </ClInclude>
    <ClInclude Include="System\Component\Transform.h">
      <Filter>ソース ファイル\System\Component</Filter>
    </ClInclude>
    <ClInclude Include="System\FBX\FBXLoadAnimation.h">
      <Filter>ソース ファイル\System\FBX</Filter>
    </ClInclude>
    <ClInclude Include="System\FBX\FBXLoadBone.h">
      <Filter>ソース ファイル\System\FBX</Filter>
    </ClInclude>
    <ClInclude Include="System\FBX\FBXLoader.h">
      <Filter>ソース ファイル\System\FBX</Filter>
    </ClInclude>
    <ClInclude Include="System\FBX\FBXLoadMaterial.h">
      <Filter>ソース ファイル\System\FBX</Filter>
    </ClInclude>
    <ClInclude Include="System\FBX\FBXLoadMesh.h">
      <Filter>ソース ファイル\System\FBX</Filter>
    </ClInclude>
    <ClInclude Include="System\Graphics\DirectX.h">
      <Filter>ソース ファイル\System\Graphics</Filter>
    </ClInclude>
    <ClInclude Include="System\Graphics\DXBuffer.h">
      <Filter>ソース ファイル\System\Graphics</Filter>
    </ClInclude>
    <ClInclude Include="System\Graphics\Font.h">
      <Filter>ソース ファイル\System\Graphics</Filter>
    </ClInclude>
    <ClInclude Include="System\Graphics\Geometory.h">
      <Filter>ソース ファイル\System\Graphics</Filter>
    </ClInclude>
    <ClInclude Include="System\Graphics\Shader.h">
      <Filter>ソース ファイル\System\Graphics</Filter>
    </ClInclude>
    <ClInclude Include="System\Graphics\Text.h">
      <Filter>ソース ファイル\System\Graphics</Filter>
    </ClInclude>
    <ClInclude Include="System\Graphics\Texture.h">
      <Filter>ソース ファイル\System\Graphics</Filter>
    </ClInclude>
    <ClInclude Include="System\Input.h">
      <Filter>ソース ファイル\System</Filter>
    </ClInclude>
    <ClInclude Include="System\Object.h">
      <Filter>ソース ファイル</Filter>
    </ClInclude>
    <ClInclude Include="System\Singleton.hpp">
      <Filter>ソース ファイル</Filter>
    </ClInclude>
    <ClInclude Include="Defines.h">
      <Filter>ソース ファイル</Filter>
    </ClInclude>
    <ClInclude Include="System\Scene\SceneBase.h">
      <Filter>ソース ファイル\System\Scene</Filter>
    </ClInclude>
    <ClInclude Include="System\Scene\SceneManager.hpp">
      <Filter>ソース ファイル\System\Scene</Filter>
    </ClInclude>
    <ClInclude Include="System\Scene\SampleScene.h">
      <Filter>ソース ファイル\System\Scene</Filter>
    </ClInclude>
    <ClInclude Include="App\ShaderScene.h">
      <Filter>ソース ファイル\System\Scene</Filter>
    </ClInclude>
    <ClInclude Include="System\Graphics\ShaderList.h">
      <Filter>リソース ファイル</Filter>
    </ClInclude>
    <ClInclude Include="System\Model\ModelList.h">
      <Filter>ソース ファイル\System\Model</Filter>
    </ClInclude>
    <ClInclude Include="System\Component\Model.h">
      <Filter>ソース ファイル\System\Component</Filter>
    </ClInclude>
    <ClInclude Include="System\Component\Material.h">
      <Filter>ソース ファイル\System\Component</Filter>
    </ClInclude>
  </ItemGroup>
  <ItemGroup>
    <FxCompile Include="Shader\VertexShader.hlsl">
      <Filter>リソース ファイル\VertexShader</Filter>
    </FxCompile>
    <FxCompile Include="Shader\PixelShader.hlsl">
      <Filter>リソース ファイル\PixelShader</Filter>
    </FxCompile>
    <FxCompile Include="Shader\VertexAnimation.hlsl">
      <Filter>リソース ファイル\VertexShader</Filter>
    </FxCompile>
    <FxCompile Include="Shader\Sepia.hlsl">
      <Filter>リソース ファイル\PixelShader</Filter>
    </FxCompile>
    <FxCompile Include="Shader\Lambert.hlsl">
      <Filter>リソース ファイル\PixelShader</Filter>
    </FxCompile>
    <FxCompile Include="Shader\SamplePS.hlsl">
      <Filter>リソース ファイル\PixelShader</Filter>
    </FxCompile>
    <FxCompile Include="Shader\Phong.hlsl">
      <Filter>リソース ファイル\PixelShader</Filter>
    </FxCompile>
    <FxCompile Include="Shader\Limlight.hlsl">
      <Filter>リソース ファイル\PixelShader</Filter>
    </FxCompile>
    <FxCompile Include="Shader\Dissolve.hlsl">
      <Filter>リソース ファイル\PixelShader</Filter>
    </FxCompile>
    <FxCompile Include="Shader\MultiTexture.hlsl">
      <Filter>リソース ファイル\PixelShader</Filter>
    </FxCompile>
    <FxCompile Include="Shader\PixelColorPS.hlsl">
      <Filter>リソース ファイル\PixelShader</Filter>
    </FxCompile>
    <FxCompile Include="Shader\SampleVS.hlsl">
      <Filter>リソース ファイル\VertexShader</Filter>
    </FxCompile>
    <FxCompile Include="Shader\Fog.hlsl">
      <Filter>リソース ファイル\PixelShader</Filter>
    </FxCompile>
    <FxCompile Include="BumpVS.hlsl">
      <Filter>リソース ファイル\VertexShader</Filter>
    </FxCompile>
    <FxCompile Include="Shader\BumpPS.hlsl">
      <Filter>リソース ファイル\PixelShader</Filter>
    </FxCompile>
    <FxCompile Include="Shader\ToonPS.hlsl">
      <Filter>リソース ファイル\PixelShader</Filter>
    </FxCompile>
    <FxCompile Include="Shader\ToonOutlinePS.hlsl">
      <Filter>リソース ファイル\PixelShader</Filter>
    </FxCompile>
    <FxCompile Include="Shader\ToonOutlineVS.hlsl">
      <Filter>リソース ファイル\VertexShader</Filter>
    </FxCompile>
  </ItemGroup>
  <ItemGroup>
    <None Include="Shader\InputLayout.hlsli">
      <Filter>リソース ファイル\VertexShader</Filter>
    </None>
  </ItemGroup>
</Project>